
Microsoft Visual Studio Solution File, Format Version 12.00
# Visual Studio Version 17
VisualStudioVersion = 17.0.32112.339
MinimumVisualStudioVersion = 10.0.40219.1
Project("{9A19103F-16F7-4668-BE54-9A1E7A4F7556}") = "hourbank.console", "hourbank.console\hourbank.console.csproj", "{5FD13F2B-DD35-44E3-B885-B9BEBB0CC9F9}"
EndProject
Project("{9A19103F-16F7-4668-BE54-9A1E7A4F7556}") = "hourbank.api", "hourbank.api\hourbank.api.csproj", "{C8DD2BE3-9087-4477-8602-D535DADF0A28}"
EndProject
Global
	GlobalSection(SolutionConfigurationPlatforms) = preSolution
		Debug|Any CPU = Debug|Any CPU
		Release|Any CPU = Release|Any CPU
	EndGlobalSection
	GlobalSection(ProjectConfigurationPlatforms) = postSolution
		{5FD13F2B-DD35-44E3-B885-B9BEBB0CC9F9}.Debug|Any CPU.ActiveCfg = Debug|Any CPU
		{5FD13F2B-DD35-44E3-B885-B9BEBB0CC9F9}.Debug|Any CPU.Build.0 = Debug|Any CPU
		{5FD13F2B-DD35-44E3-B885-B9BEBB0CC9F9}.Release|Any CPU.ActiveCfg = Release|Any CPU
		{5FD13F2B-DD35-44E3-B885-B9BEBB0CC9F9}.Release|Any CPU.Build.0 = Release|Any CPU
		{C8DD2BE3-9087-4477-8602-D535DADF0A28}.Debug|Any CPU.ActiveCfg = Debug|Any CPU
		{C8DD2BE3-9087-4477-8602-D535DADF0A28}.Debug|Any CPU.Build.0 = Debug|Any CPU
		{C8DD2BE3-9087-4477-8602-D535DADF0A28}.Release|Any CPU.ActiveCfg = Release|Any CPU
		{C8DD2BE3-9087-4477-8602-D535DADF0A28}.Release|Any CPU.Build.0 = Release|Any CPU
	EndGlobalSection
	GlobalSection(SolutionProperties) = preSolution
		HideSolutionNode = FALSE
	EndGlobalSection
	GlobalSection(ExtensibilityGlobals) = postSolution
		SolutionGuid = {19E2A7BD-24B0-4F10-92D8-8126BE2C7C0E}
	EndGlobalSection
EndGlobal
